
Microsoft Visual Studio Solution File, Format Version 12.00
# Visual Studio Version 16
VisualStudioVersion = 16.0.32510.428
MinimumVisualStudioVersion = 10.0.40219.1
Project("{FAE04EC0-301F-11D3-BF4B-00C04F79EFBC}") = "PasswordApp", "PasswordApp.csproj", "{B5FDD89A-0458-4067-AC8C-A0D07E6B0126}"
EndProject
Global
	GlobalSection(SolutionConfigurationPlatforms) = preSolution
		Debug|Any CPU = Debug|Any CPU
		Release|Any CPU = Release|Any CPU
	EndGlobalSection
	GlobalSection(ProjectConfigurationPlatforms) = postSolution
		{B5FDD89A-0458-4067-AC8C-A0D07E6B0126}.Debug|Any CPU.ActiveCfg = Debug|Any CPU
		{B5FDD89A-0458-4067-AC8C-A0D07E6B0126}.Debug|Any CPU.Build.0 = Debug|Any CPU
		{B5FDD89A-0458-4067-AC8C-A0D07E6B0126}.Release|Any CPU.ActiveCfg = Release|Any CPU
		{B5FDD89A-0458-4067-AC8C-A0D07E6B0126}.Release|Any CPU.Build.0 = Release|Any CPU
	EndGlobalSection
	GlobalSection(SolutionProperties) = preSolution
		HideSolutionNode = FALSE
	EndGlobalSection
	GlobalSection(ExtensibilityGlobals) = postSolution
		SolutionGuid = {D6C88F6B-D176-408B-B7AB-0C47EFBC067D}
	EndGlobalSection
EndGlobal
